// !$*UTF8*$!
{
	archiveVersion = 1;
	classes = {
	};
	objectVersion = 46;
	objects = {

/* Begin PBXBuildFile section */
		19696A6A19D8348C00954EC5 /* Coopsi.bundle in Resources */ = {isa = PBXBuildFile; fileRef = 19696A6919D8348C00954EC5 /* Coopsi.bundle */; };
		19B22E6C19D1B02A00807F61 /* libCoopsi-iOS-SDK.a in Frameworks */ = {isa = PBXBuildFile; fileRef = 19B22E6919D1AFFB00807F61 /* libCoopsi-iOS-SDK.a */; };
		19DA718E19D166B500DB6D03 /* main.m in Sources */ = {isa = PBXBuildFile; fileRef = 19DA718D19D166B500DB6D03 /* main.m */; };
		19DA719119D166B500DB6D03 /* AppDelegate.m in Sources */ = {isa = PBXBuildFile; fileRef = 19DA719019D166B500DB6D03 /* AppDelegate.m */; };
		19DA719419D166B500DB6D03 /* ThirdPartyViewController.m in Sources */ = {isa = PBXBuildFile; fileRef = 19DA719319D166B500DB6D03 /* ThirdPartyViewController.m */; };
		19DA719719D166B500DB6D03 /* Main.storyboard in Resources */ = {isa = PBXBuildFile; fileRef = 19DA719519D166B500DB6D03 /* Main.storyboard */; };
		19DA719919D166B500DB6D03 /* Images.xcassets in Resources */ = {isa = PBXBuildFile; fileRef = 19DA719819D166B500DB6D03 /* Images.xcassets */; };
		19DA719C19D166B500DB6D03 /* LaunchScreen.xib in Resources */ = {isa = PBXBuildFile; fileRef = 19DA719A19D166B500DB6D03 /* LaunchScreen.xib */; };
		19DA71A819D166B500DB6D03 /* ThirdPartyTests.m in Sources */ = {isa = PBXBuildFile; fileRef = 19DA71A719D166B500DB6D03 /* ThirdPartyTests.m */; };
/* End PBXBuildFile section */

/* Begin PBXContainerItemProxy section */
		19696A6819D8348C00954EC5 /* PBXContainerItemProxy */ = {
			isa = PBXContainerItemProxy;
			containerPortal = 19B22E6319D1AFFB00807F61 /* Coopsi-iOS-SDK.xcodeproj */;
			proxyType = 2;
			remoteGlobalIDString = 19696A5A19D80DC300954EC5;
			remoteInfo = CoopsiResources;
		};
		19696A6B19D8365800954EC5 /* PBXContainerItemProxy */ = {
			isa = PBXContainerItemProxy;
			containerPortal = 19B22E6319D1AFFB00807F61 /* Coopsi-iOS-SDK.xcodeproj */;
			proxyType = 1;
			remoteGlobalIDString = 19B22E4119D1AED200807F61;
			remoteInfo = "Coopsi-iOS-SDK";
		};
		19696A6D19D8365D00954EC5 /* PBXContainerItemProxy */ = {
			isa = PBXContainerItemProxy;
			containerPortal = 19B22E6319D1AFFB00807F61 /* Coopsi-iOS-SDK.xcodeproj */;
			proxyType = 1;
			remoteGlobalIDString = 19696A5919D80DC300954EC5;
			remoteInfo = CoopsiResources;
		};
		19B22E6819D1AFFB00807F61 /* PBXContainerItemProxy */ = {
			isa = PBXContainerItemProxy;
			containerPortal = 19B22E6319D1AFFB00807F61 /* Coopsi-iOS-SDK.xcodeproj */;
			proxyType = 2;
			remoteGlobalIDString = 19B22E4219D1AED200807F61;
			remoteInfo = "Coopsi-iOS-SDK";
		};
		19B22E6A19D1AFFB00807F61 /* PBXContainerItemProxy */ = {
			isa = PBXContainerItemProxy;
			containerPortal = 19B22E6319D1AFFB00807F61 /* Coopsi-iOS-SDK.xcodeproj */;
			proxyType = 2;
			remoteGlobalIDString = 19B22E4D19D1AED200807F61;
			remoteInfo = "Coopsi-iOS-SDKTests";
		};
		19DA71A219D166B500DB6D03 /* PBXContainerItemProxy */ = {
			isa = PBXContainerItemProxy;
			containerPortal = 19DA718019D166B500DB6D03 /* Project object */;
			proxyType = 1;
			remoteGlobalIDString = 19DA718719D166B500DB6D03;
			remoteInfo = ThirdParty;
		};
/* End PBXContainerItemProxy section */

/* Begin PBXFileReference section */
		19B22E6319D1AFFB00807F61 /* Coopsi-iOS-SDK.xcodeproj */ = {isa = PBXFileReference; lastKnownFileType = "wrapper.pb-project"; name = "Coopsi-iOS-SDK.xcodeproj"; path = "../../sdk/Coopsi-iOS-SDK/Coopsi-iOS-SDK.xcodeproj"; sourceTree = "<group>"; };
		19DA718819D166B500DB6D03 /* ThirdParty.app */ = {isa = PBXFileReference; explicitFileType = wrapper.application; includeInIndex = 0; path = ThirdParty.app; sourceTree = BUILT_PRODUCTS_DIR; };
		19DA718C19D166B500DB6D03 /* Info.plist */ = {isa = PBXFileReference; lastKnownFileType = text.plist.xml; path = Info.plist; sourceTree = "<group>"; };
		19DA718D19D166B500DB6D03 /* main.m */ = {isa = PBXFileReference; lastKnownFileType = sourcecode.c.objc; path = main.m; sourceTree = "<group>"; };
		19DA718F19D166B500DB6D03 /* AppDelegate.h */ = {isa = PBXFileReference; lastKnownFileType = sourcecode.c.h; path = AppDelegate.h; sourceTree = "<group>"; };
		19DA719019D166B500DB6D03 /* AppDelegate.m */ = {isa = PBXFileReference; lastKnownFileType = sourcecode.c.objc; path = AppDelegate.m; sourceTree = "<group>"; };
		19DA719219D166B500DB6D03 /* ThirdPartyViewController.h */ = {isa = PBXFileReference; lastKnownFileType = sourcecode.c.h; path = ThirdPartyViewController.h; sourceTree = "<group>"; };
		19DA719319D166B500DB6D03 /* ThirdPartyViewController.m */ = {isa = PBXFileReference; lastKnownFileType = sourcecode.c.objc; path = ThirdPartyViewController.m; sourceTree = "<group>"; };
		19DA719619D166B500DB6D03 /* Base */ = {isa = PBXFileReference; lastKnownFileType = file.storyboard; name = Base; path = Base.lproj/Main.storyboard; sourceTree = "<group>"; };
		19DA719819D166B500DB6D03 /* Images.xcassets */ = {isa = PBXFileReference; lastKnownFileType = folder.assetcatalog; path = Images.xcassets; sourceTree = "<group>"; };
		19DA719B19D166B500DB6D03 /* Base */ = {isa = PBXFileReference; lastKnownFileType = file.xib; name = Base; path = Base.lproj/LaunchScreen.xib; sourceTree = "<group>"; };
		19DA71A119D166B500DB6D03 /* ThirdPartyTests.xctest */ = {isa = PBXFileReference; explicitFileType = wrapper.cfbundle; includeInIndex = 0; path = ThirdPartyTests.xctest; sourceTree = BUILT_PRODUCTS_DIR; };
		19DA71A619D166B500DB6D03 /* Info.plist */ = {isa = PBXFileReference; lastKnownFileType = text.plist.xml; path = Info.plist; sourceTree = "<group>"; };
		19DA71A719D166B500DB6D03 /* ThirdPartyTests.m */ = {isa = PBXFileReference; lastKnownFileType = sourcecode.c.objc; path = ThirdPartyTests.m; sourceTree = "<group>"; };
/* End PBXFileReference section */

/* Begin PBXFrameworksBuildPhase section */
		19DA718519D166B500DB6D03 /* Frameworks */ = {
			isa = PBXFrameworksBuildPhase;
			buildActionMask = 2147483647;
			files = (
				19B22E6C19D1B02A00807F61 /* libCoopsi-iOS-SDK.a in Frameworks */,
			);
			runOnlyForDeploymentPostprocessing = 0;
		};
		19DA719E19D166B500DB6D03 /* Frameworks */ = {
			isa = PBXFrameworksBuildPhase;
			buildActionMask = 2147483647;
			files = (
			);
			runOnlyForDeploymentPostprocessing = 0;
		};
/* End PBXFrameworksBuildPhase section */

/* Begin PBXGroup section */
		19B22E6419D1AFFB00807F61 /* Products */ = {
			isa = PBXGroup;
			children = (
				19B22E6919D1AFFB00807F61 /* libCoopsi-iOS-SDK.a */,
				19B22E6B19D1AFFB00807F61 /* Coopsi-iOS-SDKTests.xctest */,
				19696A6919D8348C00954EC5 /* Coopsi.bundle */,
			);
			name = Products;
			sourceTree = "<group>";
		};
		19DA717F19D166B500DB6D03 = {
			isa = PBXGroup;
			children = (
				19DA718A19D166B500DB6D03 /* ThirdParty */,
				19DA71A419D166B500DB6D03 /* ThirdPartyTests */,
				19DA718919D166B500DB6D03 /* Products */,
			);
			sourceTree = "<group>";
		};
		19DA718919D166B500DB6D03 /* Products */ = {
			isa = PBXGroup;
			children = (
				19DA718819D166B500DB6D03 /* ThirdParty.app */,
				19DA71A119D166B500DB6D03 /* ThirdPartyTests.xctest */,
			);
			name = Products;
			sourceTree = "<group>";
		};
		19DA718A19D166B500DB6D03 /* ThirdParty */ = {
			isa = PBXGroup;
			children = (
				19B22E6319D1AFFB00807F61 /* Coopsi-iOS-SDK.xcodeproj */,
				19DA718F19D166B500DB6D03 /* AppDelegate.h */,
				19DA719019D166B500DB6D03 /* AppDelegate.m */,
				19DA719219D166B500DB6D03 /* ThirdPartyViewController.h */,
				19DA719319D166B500DB6D03 /* ThirdPartyViewController.m */,
				19DA719519D166B500DB6D03 /* Main.storyboard */,
				19DA719819D166B500DB6D03 /* Images.xcassets */,
				19DA719A19D166B500DB6D03 /* LaunchScreen.xib */,
				19DA718B19D166B500DB6D03 /* Supporting Files */,
			);
			path = ThirdParty;
			sourceTree = "<group>";
		};
		19DA718B19D166B500DB6D03 /* Supporting Files */ = {
			isa = PBXGroup;
			children = (
				19DA718C19D166B500DB6D03 /* Info.plist */,
				19DA718D19D166B500DB6D03 /* main.m */,
			);
			name = "Supporting Files";
			sourceTree = "<group>";
		};
		19DA71A419D166B500DB6D03 /* ThirdPartyTests */ = {
			isa = PBXGroup;
			children = (
				19DA71A719D166B500DB6D03 /* ThirdPartyTests.m */,
				19DA71A519D166B500DB6D03 /* Supporting Files */,
			);
			path = ThirdPartyTests;
			sourceTree = "<group>";
		};
		19DA71A519D166B500DB6D03 /* Supporting Files */ = {
			isa = PBXGroup;
			children = (
				19DA71A619D166B500DB6D03 /* Info.plist */,
			);
			name = "Supporting Files";
			sourceTree = "<group>";
		};
/* End PBXGroup section */

/* Begin PBXNativeTarget section */
		19DA718719D166B500DB6D03 /* ThirdParty */ = {
			isa = PBXNativeTarget;
			buildConfigurationList = 19DA71AB19D166B500DB6D03 /* Build configuration list for PBXNativeTarget "ThirdParty" */;
			buildPhases = (
				19DA718419D166B500DB6D03 /* Sources */,
				19DA718519D166B500DB6D03 /* Frameworks */,
				19DA718619D166B500DB6D03 /* Resources */,
				19DA71BC19D16E1300DB6D03 /* Build Framework */,
			);
			buildRules = (
			);
			dependencies = (
				19696A6E19D8365D00954EC5 /* PBXTargetDependency */,
				19696A6C19D8365800954EC5 /* PBXTargetDependency */,
			);
			name = ThirdParty;
			productName = ThirdParty;
			productReference = 19DA718819D166B500DB6D03 /* ThirdParty.app */;
			productType = "com.apple.product-type.application";
		};
		19DA71A019D166B500DB6D03 /* ThirdPartyTests */ = {
			isa = PBXNativeTarget;
			buildConfigurationList = 19DA71AE19D166B500DB6D03 /* Build configuration list for PBXNativeTarget "ThirdPartyTests" */;
			buildPhases = (
				19DA719D19D166B500DB6D03 /* Sources */,
				19DA719E19D166B500DB6D03 /* Frameworks */,
				19DA719F19D166B500DB6D03 /* Resources */,
			);
			buildRules = (
			);
			dependencies = (
				19DA71A319D166B500DB6D03 /* PBXTargetDependency */,
			);
			name = ThirdPartyTests;
			productName = ThirdPartyTests;
			productReference = 19DA71A119D166B500DB6D03 /* ThirdPartyTests.xctest */;
			productType = "com.apple.product-type.bundle.unit-test";
		};
/* End PBXNativeTarget section */

/* Begin PBXProject section */
		19DA718019D166B500DB6D03 /* Project object */ = {
			isa = PBXProject;
			attributes = {
				LastUpgradeCheck = 0600;
				ORGANIZATIONNAME = Coopsi;
				TargetAttributes = {
					19DA718719D166B500DB6D03 = {
						CreatedOnToolsVersion = 6.0.1;
					};
					19DA71A019D166B500DB6D03 = {
						CreatedOnToolsVersion = 6.0.1;
						TestTargetID = 19DA718719D166B500DB6D03;
					};
				};
			};
			buildConfigurationList = 19DA718319D166B500DB6D03 /* Build configuration list for PBXProject "ThirdParty" */;
			compatibilityVersion = "Xcode 3.2";
			developmentRegion = English;
			hasScannedForEncodings = 0;
			knownRegions = (
				en,
				Base,
			);
			mainGroup = 19DA717F19D166B500DB6D03;
			productRefGroup = 19DA718919D166B500DB6D03 /* Products */;
			projectDirPath = "";
			projectReferences = (
				{
					ProductGroup = 19B22E6419D1AFFB00807F61 /* Products */;
					ProjectRef = 19B22E6319D1AFFB00807F61 /* Coopsi-iOS-SDK.xcodeproj */;
				},
			);
			projectRoot = "";
			targets = (
				19DA718719D166B500DB6D03 /* ThirdParty */,
				19DA71A019D166B500DB6D03 /* ThirdPartyTests */,
			);
		};
/* End PBXProject section */

/* Begin PBXReferenceProxy section */
		19696A6919D8348C00954EC5 /* Coopsi.bundle */ = {
			isa = PBXReferenceProxy;
			fileType = wrapper.cfbundle;
			path = Coopsi.bundle;
			remoteRef = 19696A6819D8348C00954EC5 /* PBXContainerItemProxy */;
			sourceTree = BUILT_PRODUCTS_DIR;
		};
		19B22E6919D1AFFB00807F61 /* libCoopsi-iOS-SDK.a */ = {
			isa = PBXReferenceProxy;
			fileType = archive.ar;
			path = "libCoopsi-iOS-SDK.a";
			remoteRef = 19B22E6819D1AFFB00807F61 /* PBXContainerItemProxy */;
			sourceTree = BUILT_PRODUCTS_DIR;
		};
		19B22E6B19D1AFFB00807F61 /* Coopsi-iOS-SDKTests.xctest */ = {
			isa = PBXReferenceProxy;
			fileType = wrapper.cfbundle;
			path = "Coopsi-iOS-SDKTests.xctest";
			remoteRef = 19B22E6A19D1AFFB00807F61 /* PBXContainerItemProxy */;
			sourceTree = BUILT_PRODUCTS_DIR;
		};
/* End PBXReferenceProxy section */

/* Begin PBXResourcesBuildPhase section */
		19DA718619D166B500DB6D03 /* Resources */ = {
			isa = PBXResourcesBuildPhase;
			buildActionMask = 2147483647;
			files = (
				19696A6A19D8348C00954EC5 /* Coopsi.bundle in Resources */,
				19DA719719D166B500DB6D03 /* Main.storyboard in Resources */,
				19DA719C19D166B500DB6D03 /* LaunchScreen.xib in Resources */,
				19DA719919D166B500DB6D03 /* Images.xcassets in Resources */,
			);
			runOnlyForDeploymentPostprocessing = 0;
		};
		19DA719F19D166B500DB6D03 /* Resources */ = {
			isa = PBXResourcesBuildPhase;
			buildActionMask = 2147483647;
			files = (
			);
			runOnlyForDeploymentPostprocessing = 0;
		};
/* End PBXResourcesBuildPhase section */

/* Begin PBXShellScriptBuildPhase section */
		19DA71BC19D16E1300DB6D03 /* Build Framework */ = {
			isa = PBXShellScriptBuildPhase;
			buildActionMask = 2147483647;
			files = (
			);
			inputPaths = (
			);
			name = "Build Framework";
			outputPaths = (
			);
			runOnlyForDeploymentPostprocessing = 0;
			shellPath = /bin/sh;
			shellScript = "";
		};
/* End PBXShellScriptBuildPhase section */

/* Begin PBXSourcesBuildPhase section */
		19DA718419D166B500DB6D03 /* Sources */ = {
			isa = PBXSourcesBuildPhase;
			buildActionMask = 2147483647;
			files = (
				19DA719419D166B500DB6D03 /* ThirdPartyViewController.m in Sources */,
				19DA719119D166B500DB6D03 /* AppDelegate.m in Sources */,
				19DA718E19D166B500DB6D03 /* main.m in Sources */,
			);
			runOnlyForDeploymentPostprocessing = 0;
		};
		19DA719D19D166B500DB6D03 /* Sources */ = {
			isa = PBXSourcesBuildPhase;
			buildActionMask = 2147483647;
			files = (
				19DA71A819D166B500DB6D03 /* ThirdPartyTests.m in Sources */,
			);
			runOnlyForDeploymentPostprocessing = 0;
		};
/* End PBXSourcesBuildPhase section */

/* Begin PBXTargetDependency section */
		19696A6C19D8365800954EC5 /* PBXTargetDependency */ = {
			isa = PBXTargetDependency;
			name = "Coopsi-iOS-SDK";
			targetProxy = 19696A6B19D8365800954EC5 /* PBXContainerItemProxy */;
		};
		19696A6E19D8365D00954EC5 /* PBXTargetDependency */ = {
			isa = PBXTargetDependency;
			name = CoopsiResources;
			targetProxy = 19696A6D19D8365D00954EC5 /* PBXContainerItemProxy */;
		};
		19DA71A319D166B500DB6D03 /* PBXTargetDependency */ = {
			isa = PBXTargetDependency;
			target = 19DA718719D166B500DB6D03 /* ThirdParty */;
			targetProxy = 19DA71A219D166B500DB6D03 /* PBXContainerItemProxy */;
		};
/* End PBXTargetDependency section */

/* Begin PBXVariantGroup section */
		19DA719519D166B500DB6D03 /* Main.storyboard */ = {
			isa = PBXVariantGroup;
			children = (
				19DA719619D166B500DB6D03 /* Base */,
			);
			name = Main.storyboard;
			sourceTree = "<group>";
		};
		19DA719A19D166B500DB6D03 /* LaunchScreen.xib */ = {
			isa = PBXVariantGroup;
			children = (
				19DA719B19D166B500DB6D03 /* Base */,
			);
			name = LaunchScreen.xib;
			sourceTree = "<group>";
		};
/* End PBXVariantGroup section */

/* Begin XCBuildConfiguration section */
		19DA71A919D166B500DB6D03 /* Debug */ = {
			isa = XCBuildConfiguration;
			buildSettings = {
				ALWAYS_SEARCH_USER_PATHS = NO;
				CLANG_CXX_LANGUAGE_STANDARD = "gnu++0x";
				CLANG_CXX_LIBRARY = "libc++";
				CLANG_ENABLE_MODULES = YES;
				CLANG_ENABLE_OBJC_ARC = YES;
				CLANG_WARN_BOOL_CONVERSION = YES;
				CLANG_WARN_CONSTANT_CONVERSION = YES;
				CLANG_WARN_DIRECT_OBJC_ISA_USAGE = YES_ERROR;
				CLANG_WARN_EMPTY_BODY = YES;
				CLANG_WARN_ENUM_CONVERSION = YES;
				CLANG_WARN_INT_CONVERSION = YES;
				CLANG_WARN_OBJC_ROOT_CLASS = YES_ERROR;
				CLANG_WARN_UNREACHABLE_CODE = YES;
				CLANG_WARN__DUPLICATE_METHOD_MATCH = YES;
				"CODE_SIGN_IDENTITY[sdk=iphoneos*]" = "iPhone Developer";
				COPY_PHASE_STRIP = NO;
				ENABLE_STRICT_OBJC_MSGSEND = YES;
				GCC_C_LANGUAGE_STANDARD = gnu99;
				GCC_DYNAMIC_NO_PIC = NO;
				GCC_OPTIMIZATION_LEVEL = 0;
				GCC_PREPROCESSOR_DEFINITIONS = (
					"DEBUG=1",
					"$(inherited)",
				);
				GCC_SYMBOLS_PRIVATE_EXTERN = NO;
				GCC_WARN_64_TO_32_BIT_CONVERSION = YES;
				GCC_WARN_ABOUT_RETURN_TYPE = YES_ERROR;
				GCC_WARN_UNDECLARED_SELECTOR = YES;
				GCC_WARN_UNINITIALIZED_AUTOS = YES_AGGRESSIVE;
				GCC_WARN_UNUSED_FUNCTION = YES;
				GCC_WARN_UNUSED_VARIABLE = YES;
				IPHONEOS_DEPLOYMENT_TARGET = 8.0;
				MTL_ENABLE_DEBUG_INFO = YES;
				ONLY_ACTIVE_ARCH = YES;
				SDKROOT = iphoneos;
			};
			name = Debug;
		};
		19DA71AA19D166B500DB6D03 /* Release */ = {
			isa = XCBuildConfiguration;
			buildSettings = {
				ALWAYS_SEARCH_USER_PATHS = NO;
				CLANG_CXX_LANGUAGE_STANDARD = "gnu++0x";
				CLANG_CXX_LIBRARY = "libc++";
				CLANG_ENABLE_MODULES = YES;
				CLANG_ENABLE_OBJC_ARC = YES;
				CLANG_WARN_BOOL_CONVERSION = YES;
				CLANG_WARN_CONSTANT_CONVERSION = YES;
				CLANG_WARN_DIRECT_OBJC_ISA_USAGE = YES_ERROR;
				CLANG_WARN_EMPTY_BODY = YES;
				CLANG_WARN_ENUM_CONVERSION = YES;
				CLANG_WARN_INT_CONVERSION = YES;
				CLANG_WARN_OBJC_ROOT_CLASS = YES_ERROR;
				CLANG_WARN_UNREACHABLE_CODE = YES;
				CLANG_WARN__DUPLICATE_METHOD_MATCH = YES;
				"CODE_SIGN_IDENTITY[sdk=iphoneos*]" = "iPhone Developer";
				COPY_PHASE_STRIP = YES;
				ENABLE_NS_ASSERTIONS = NO;
				ENABLE_STRICT_OBJC_MSGSEND = YES;
				GCC_C_LANGUAGE_STANDARD = gnu99;
				GCC_WARN_64_TO_32_BIT_CONVERSION = YES;
				GCC_WARN_ABOUT_RETURN_TYPE = YES_ERROR;
				GCC_WARN_UNDECLARED_SELECTOR = YES;
				GCC_WARN_UNINITIALIZED_AUTOS = YES_AGGRESSIVE;
				GCC_WARN_UNUSED_FUNCTION = YES;
				GCC_WARN_UNUSED_VARIABLE = YES;
				IPHONEOS_DEPLOYMENT_TARGET = 8.0;
				MTL_ENABLE_DEBUG_INFO = NO;
				SDKROOT = iphoneos;
				VALIDATE_PRODUCT = YES;
			};
			name = Release;
		};
		19DA71AC19D166B500DB6D03 /* Debug */ = {
			isa = XCBuildConfiguration;
			buildSettings = {
				ASSETCATALOG_COMPILER_APPICON_NAME = AppIcon;
				INFOPLIST_FILE = ThirdParty/Info.plist;
				LD_RUNPATH_SEARCH_PATHS = "$(inherited) @executable_path/Frameworks";
				PRODUCT_NAME = "$(TARGET_NAME)";
			};
			name = Debug;
		};
		19DA71AD19D166B500DB6D03 /* Release */ = {
			isa = XCBuildConfiguration;
			buildSettings = {
				ASSETCATALOG_COMPILER_APPICON_NAME = AppIcon;
				INFOPLIST_FILE = ThirdParty/Info.plist;
				LD_RUNPATH_SEARCH_PATHS = "$(inherited) @executable_path/Frameworks";
				PRODUCT_NAME = "$(TARGET_NAME)";
			};
			name = Release;
		};
		19DA71AF19D166B500DB6D03 /* Debug */ = {
			isa = XCBuildConfiguration;
			buildSettings = {
				BUNDLE_LOADER = "$(TEST_HOST)";
				FRAMEWORK_SEARCH_PATHS = (
					"$(SDKROOT)/Developer/Library/Frameworks",
					"$(inherited)",
				);
				GCC_PREPROCESSOR_DEFINITIONS = (
					"DEBUG=1",
					"$(inherited)",
				);
				INFOPLIST_FILE = ThirdPartyTests/Info.plist;
				LD_RUNPATH_SEARCH_PATHS = "$(inherited) @executable_path/Frameworks @loader_path/Frameworks";
				PRODUCT_NAME = "$(TARGET_NAME)";
				TEST_HOST = "$(BUILT_PRODUCTS_DIR)/ThirdParty.app/ThirdParty";
			};
			name = Debug;
		};
		19DA71B019D166B500DB6D03 /* Release */ = {
			isa = XCBuildConfiguration;
			buildSettings = {
				BUNDLE_LOADER = "$(TEST_HOST)";
				FRAMEWORK_SEARCH_PATHS = (
					"$(SDKROOT)/Developer/Library/Frameworks",
					"$(inherited)",
				);
				INFOPLIST_FILE = ThirdPartyTests/Info.plist;
				LD_RUNPATH_SEARCH_PATHS = "$(inherited) @executable_path/Frameworks @loader_path/Frameworks";
				PRODUCT_NAME = "$(TARGET_NAME)";
				TEST_HOST = "$(BUILT_PRODUCTS_DIR)/ThirdParty.app/ThirdParty";
			};
			name = Release;
		};
/* End XCBuildConfiguration section */

/* Begin XCConfigurationList section */
		19DA718319D166B500DB6D03 /* Build configuration list for PBXProject "ThirdParty" */ = {
			isa = XCConfigurationList;
			buildConfigurations = (
				19DA71A919D166B500DB6D03 /* Debug */,
				19DA71AA19D166B500DB6D03 /* Release */,
			);
			defaultConfigurationIsVisible = 0;
			defaultConfigurationName = Release;
		};
		19DA71AB19D166B500DB6D03 /* Build configuration list for PBXNativeTarget "ThirdParty" */ = {
			isa = XCConfigurationList;
			buildConfigurations = (
				19DA71AC19D166B500DB6D03 /* Debug */,
				19DA71AD19D166B500DB6D03 /* Release */,
			);
			defaultConfigurationIsVisible = 0;
			defaultConfigurationName = Release;
		};
		19DA71AE19D166B500DB6D03 /* Build configuration list for PBXNativeTarget "ThirdPartyTests" */ = {
			isa = XCConfigurationList;
			buildConfigurations = (
				19DA71AF19D166B500DB6D03 /* Debug */,
				19DA71B019D166B500DB6D03 /* Release */,
			);
			defaultConfigurationIsVisible = 0;
			defaultConfigurationName = Release;
		};
/* End XCConfigurationList section */
	};
	rootObject = 19DA718019D166B500DB6D03 /* Project object */;
}
